
Microsoft Visual Studio Solution File, Format Version 12.00
# Visual Studio Version 17
VisualStudioVersion = 17.5.33424.131
MinimumVisualStudioVersion = 10.0.40219.1
Project("{FAE04EC0-301F-11D3-BF4B-00C04F79EFBC}") = "TestProject2", "TestProject2\TestProject2.csproj", "{E0A03315-3B72-4C90-B463-5DAC06E9D472}"
EndProject
Global
	GlobalSection(SolutionConfigurationPlatforms) = preSolution
		Debug|Any CPU = Debug|Any CPU
		Release|Any CPU = Release|Any CPU
	EndGlobalSection
	GlobalSection(ProjectConfigurationPlatforms) = postSolution
		{E0A03315-3B72-4C90-B463-5DAC06E9D472}.Debug|Any CPU.ActiveCfg = Debug|Any CPU
		{E0A03315-3B72-4C90-B463-5DAC06E9D472}.Debug|Any CPU.Build.0 = Debug|Any CPU
		{E0A03315-3B72-4C90-B463-5DAC06E9D472}.Release|Any CPU.ActiveCfg = Release|Any CPU
		{E0A03315-3B72-4C90-B463-5DAC06E9D472}.Release|Any CPU.Build.0 = Release|Any CPU
	EndGlobalSection
	GlobalSection(SolutionProperties) = preSolution
		HideSolutionNode = FALSE
	EndGlobalSection
	GlobalSection(ExtensibilityGlobals) = postSolution
		SolutionGuid = {A90493E0-4C9B-46EF-A01A-F1C81687A678}
	EndGlobalSection
EndGlobal
